{
    "_readme": [
        "This file locks the dependencies of your project to a known state",
        "Read more about it at https://getcomposer.org/doc/01-basic-usage.md#installing-dependencies",
        "This file is @generated automatically"
    ],
    "content-hash": "b65fd66451d86d614061d1031b517e8e",
    "packages": [
        {
            "name": "almasaeed2010/adminlte",
            "version": "v3.2.0",
            "source": {
                "type": "git",
                "url": "https://github.com/ColorlibHQ/AdminLTE.git",
                "reference": "bd4d9c72931f1dd28601b6bfb387554a381ad540"
            },
            "dist": {
                "type": "zip",
                "url": "https://api.github.com/repos/ColorlibHQ/AdminLTE/zipball/bd4d9c72931f1dd28601b6bfb387554a381ad540",
                "reference": "bd4d9c72931f1dd28601b6bfb387554a381ad540",
                "shasum": ""
            },
            "type": "library",
            "notification-url": "https://packagist.org/downloads/",
            "license": [
                "MIT"
            ],
            "authors": [
                {
                    "name": "Colorlib"
                }
            ],
            "description": "AdminLTE - admin control panel and dashboard that's based on Bootstrap 4",
            "homepage": "https://adminlte.io/",
            "keywords": [
                "JS",
                "admin",
                "back-end",
                "css",
                "less",
                "responsive",
                "template",
                "theme",
                "web"
            ],
            "support": {
                "issues": "https://github.com/ColorlibHQ/AdminLTE/issues",
                "source": "https://github.com/ColorlibHQ/AdminLTE/tree/v3.2.0"
            },
            "time": "2022-02-07T20:33:09+00:00"
        },
        {
            "name": "components/jquery",
            "version": "v3.7.1",
            "source": {
                "type": "git",
                "url": "https://github.com/components/jquery.git",
                "reference": "8edc7785239bb8c2ad2b83302b856a1d61de60e7"
            },
            "dist": {
                "type": "zip",
                "url": "https://api.github.com/repos/components/jquery/zipball/8edc7785239bb8c2ad2b83302b856a1d61de60e7",
                "reference": "8edc7785239bb8c2ad2b83302b856a1d61de60e7",
                "shasum": ""
            },
            "type": "component",
            "extra": {
                "component": {
                    "files": [
                        "jquery.min.js",
                        "jquery.min.map",
                        "jquery.slim.js",
                        "jquery.slim.min.js",
                        "jquery.slim.min.map"
                    ],
                    "scripts": [
                        "jquery.js"
                    ]
                }
            },
            "notification-url": "https://packagist.org/downloads/",
            "license": [
                "MIT"
            ],
            "authors": [
                {
                    "name": "JS Foundation and other contributors"
                }
            ],
            "description": "jQuery JavaScript Library",
            "homepage": "http://jquery.com",
            "support": {
                "forum": "http://forum.jquery.com",
                "irc": "irc://irc.freenode.org/jquery",
                "issues": "https://github.com/jquery/jquery/issues",
                "source": "https://github.com/jquery/jquery",
                "wiki": "http://docs.jquery.com/"
            },
            "time": "2023-09-22T01:43:46+00:00"
        },
        {
            "name": "fortawesome/font-awesome",
            "version": "v4.7.0",
            "source": {
                "type": "git",
                "url": "https://github.com/FortAwesome/Font-Awesome.git",
                "reference": "a8386aae19e200ddb0f6845b5feeee5eb7013687"
            },
            "dist": {
                "type": "zip",
                "url": "https://api.github.com/repos/FortAwesome/Font-Awesome/zipball/a8386aae19e200ddb0f6845b5feeee5eb7013687",
                "reference": "a8386aae19e200ddb0f6845b5feeee5eb7013687",
                "shasum": ""
            },
            "require-dev": {
                "jekyll": "1.0.2",
                "lessc": "1.4.2"
            },
            "type": "library",
            "extra": {
                "branch-alias": {
                    "dev-master": "4.6.x-dev"
                }
            },
            "notification-url": "https://packagist.org/downloads/",
            "license": [
                "OFL-1.1",
                "MIT"
            ],
            "authors": [
                {
                    "name": "Dave Gandy",
                    "email": "dave@fontawesome.io",
                    "homepage": "http://twitter.com/davegandy",
                    "role": "Developer"
                }
            ],
            "description": "The iconic font and CSS framework",
            "homepage": "http://fontawesome.io/",
            "keywords": [
                "FontAwesome",
                "awesome",
                "bootstrap",
                "font",
                "icon"
            ],
            "support": {
                "issues": "https://github.com/FortAwesome/Font-Awesome/issues",
                "source": "https://github.com/FortAwesome/Font-Awesome/tree/v4.7.0"
            },
            "time": "2016-10-24T15:52:54+00:00"
        },
        {
            "name": "summernote/summernote",
            "version": "v0.8.8",
            "source": {
                "type": "git",
                "url": "https://github.com/summernote/summernote.git",
                "reference": "28b5be6cd5e1c422cdb15aae6ef237b6c2f3f16c"
            },
            "dist": {
                "type": "zip",
                "url": "https://api.github.com/repos/summernote/summernote/zipball/28b5be6cd5e1c422cdb15aae6ef237b6c2f3f16c",
                "reference": "28b5be6cd5e1c422cdb15aae6ef237b6c2f3f16c",
                "shasum": ""
            },
            "type": "library",
            "notification-url": "https://packagist.org/downloads/",
            "license": [
                "MIT"
            ],
            "authors": [
                {
                    "name": "Alan",
                    "email": "susukang98@gmail.com",
                    "role": "lead"
                }
            ],
            "description": "Super Simple WYSIWYG Editor on Bootstrap(3.0 and 2.x).",
            "homepage": "http://summernote.org/",
            "keywords": [
                "wysiwyg"
            ],
            "support": {
                "issues": "https://github.com/summernote/summernote/issues",
                "source": "https://github.com/summernote/summernote/tree/v0.8.8"
            },
            "abandoned": true,
            "time": "2017-09-09T11:08:25+00:00"
        },
        {
            "name": "twbs/bootstrap",
            "version": "v4.6.2",
            "source": {
                "type": "git",
                "url": "https://github.com/twbs/bootstrap.git",
                "reference": "e5643aaa89eb67327a5b4abe7db976f0ea276b70"
            },
            "dist": {
                "type": "zip",
                "url": "https://api.github.com/repos/twbs/bootstrap/zipball/e5643aaa89eb67327a5b4abe7db976f0ea276b70",
                "reference": "e5643aaa89eb67327a5b4abe7db976f0ea276b70",
                "shasum": ""
            },
            "replace": {
                "twitter/bootstrap": "self.version"
            },
            "type": "library",
            "extra": {
                "branch-alias": {
                    "dev-master": "3.3.x-dev"
                }
            },
            "notification-url": "https://packagist.org/downloads/",
            "license": [
                "MIT"
            ],
            "authors": [
                {
                    "name": "Mark Otto",
                    "email": "markdotto@gmail.com"
                },
                {
                    "name": "Jacob Thornton",
                    "email": "jacobthornton@gmail.com"
                }
            ],
            "description": "The most popular front-end framework for developing responsive, mobile first projects on the web.",
            "homepage": "https://getbootstrap.com/",
            "keywords": [
                "JS",
                "css",
                "framework",
                "front-end",
                "mobile-first",
                "responsive",
                "sass",
                "web"
            ],
            "support": {
                "issues": "https://github.com/twbs/bootstrap/issues",
                "source": "https://github.com/twbs/bootstrap/tree/v4.6.2"
            },
            "time": "2022-07-19T15:13:44+00:00"
        }
    ],
    "packages-dev": [],
    "aliases": [],
    "minimum-stability": "stable",
    "stability-flags": {},
    "prefer-stable": false,
    "prefer-lowest": false,
    "platform": {
        "php": ">=7.4"
    },
    "platform-dev": {},
    "plugin-api-version": "2.6.0"
}
